name: Lock closed threads

on:
  schedule:
    - cron: '0 0 * * *'
  workflow_dispatch:

permissions:
  issues: write
  pull-requests: write

concurrency:
  group: lock-threads
  cancel-in-progress: false

jobs:
  lock:
    runs-on: ubuntu-latest
    steps:
      - uses: dessant/lock-threads@v5
        with:
          github-token: ${{ github.token }}
          issue-inactive-days: 180
          issue-lock-reason: resolved
          issue-comment: >
            This issue has been automatically locked since there has not been
            any recent activity after it was closed.
          process-only: issues
